[ "GistFetcher": {:git, "git://github.com/yeehaa123/GistFetcher.git", "34d3807924a2ee43645634fd3d82d619a8b2515a", []},
  "cowboy": {:git, "git://github.com/extend/cowboy.git", "eb4843a46b781f93030b623e2b1feb1898ba3da0", []},
  "cowlib": {:git, "git://github.com/extend/cowlib.git", "2f35af5b0a67f591dde5ae4305a9587988a37c0c", [{:ref, "0.1.0"}]},
  "httpotion": {:git, "git://github.com/myfreeweb/httpotion.git", "0fbc23d4bc03182d6705590be4c153f412cae012", []},
  "ibrowse": {:git, "git://github.com/cmullaparthi/ibrowse.git", "866b0ff5aca229f1ef53653eabc8ed1720c13cd6", []},
  "jsonex": {:git, "git://github.com/marcelog/jsonex.git", "746c8492d66e130ee74cb2d857f8458fe3a2c0e2", [{:tag, "2.0"}]},
  "jsx": {:git, "git://github.com/talentdeficit/jsx.git", "cb14b92a228e51f7bdcaa7eb17f035e4a5c0b47d", [{:tag, "v1.3.3"}]},
  "mimetypes": {:git, "git://github.com/spawngrid/mimetypes.git", "47d37a977a7d633199822bf6b08353007483d00f", []},
  "ranch": {:git, "git://github.com/extend/ranch.git", "41705752ffc7e3ecb96eef8374015ead4ca7f699", [{:ref, "0.8.5"}]} ]
